
Microsoft Visual Studio Solution File, Format Version 12.00
# Visual Studio Version 17
VisualStudioVersion = 17.5.002.0
MinimumVisualStudioVersion = 10.0.40219.1
Project("{9A19103F-16F7-4668-BE54-9A1E7A4F7556}") = "SampleRegression", "SampleRegression\SampleRegression.csproj", "{BAEF1E70-B61A-4420-A39D-5667E8A6E5C6}"
EndProject
Global
	GlobalSection(SolutionConfigurationPlatforms) = preSolution
		Debug|Any CPU = Debug|Any CPU
		Release|Any CPU = Release|Any CPU
	EndGlobalSection
	GlobalSection(ProjectConfigurationPlatforms) = postSolution
		{BAEF1E70-B61A-4420-A39D-5667E8A6E5C6}.Debug|Any CPU.ActiveCfg = Debug|Any CPU
		{BAEF1E70-B61A-4420-A39D-5667E8A6E5C6}.Debug|Any CPU.Build.0 = Debug|Any CPU
		{BAEF1E70-B61A-4420-A39D-5667E8A6E5C6}.Release|Any CPU.ActiveCfg = Release|Any CPU
		{BAEF1E70-B61A-4420-A39D-5667E8A6E5C6}.Release|Any CPU.Build.0 = Release|Any CPU
	EndGlobalSection
	GlobalSection(SolutionProperties) = preSolution
		HideSolutionNode = FALSE
	EndGlobalSection
	GlobalSection(ExtensibilityGlobals) = postSolution
		SolutionGuid = {633AFD0B-7C4D-4656-BD36-B6C781CC5925}
	EndGlobalSection
EndGlobal
